
Microsoft Visual Studio Solution File, Format Version 12.00
# Visual Studio Version 16
VisualStudioVersion = 16.0.29509.3
MinimumVisualStudioVersion = 10.0.40219.1
Project("{FAE04EC0-301F-11D3-BF4B-00C04F79EFBC}") = "CashewWebForms", "CashewWebForms.csproj", "{188887BC-7AD8-4BAB-B823-5273C69215FB}"
EndProject
Global
	GlobalSection(SolutionConfigurationPlatforms) = preSolution
		Debug|Any CPU = Debug|Any CPU
		Release|Any CPU = Release|Any CPU
	EndGlobalSection
	GlobalSection(ProjectConfigurationPlatforms) = postSolution
		{188887BC-7AD8-4BAB-B823-5273C69215FB}.Debug|Any CPU.ActiveCfg = Debug|Any CPU
		{188887BC-7AD8-4BAB-B823-5273C69215FB}.Debug|Any CPU.Build.0 = Debug|Any CPU
		{188887BC-7AD8-4BAB-B823-5273C69215FB}.Release|Any CPU.ActiveCfg = Release|Any CPU
		{188887BC-7AD8-4BAB-B823-5273C69215FB}.Release|Any CPU.Build.0 = Release|Any CPU
	EndGlobalSection
	GlobalSection(SolutionProperties) = preSolution
		HideSolutionNode = FALSE
	EndGlobalSection
	GlobalSection(ExtensibilityGlobals) = postSolution
		SolutionGuid = {272B9754-3BBC-4596-B3FE-4258161F0229}
	EndGlobalSection
EndGlobal
